
Microsoft Visual Studio Solution File, Format Version 12.00
# Visual Studio Version 16
VisualStudioVersion = 16.0.31025.194
MinimumVisualStudioVersion = 10.0.40219.1
Project("{FAE04EC0-301F-11D3-BF4B-00C04F79EFBC}") = "Parcial02_RiveraJose", "Parcial02_RiveraJose\Parcial02_RiveraJose.csproj", "{5495B143-29B5-455F-B7FD-19CFD50097EB}"
EndProject
Global
	GlobalSection(SolutionConfigurationPlatforms) = preSolution
		Debug|Any CPU = Debug|Any CPU
		Release|Any CPU = Release|Any CPU
	EndGlobalSection
	GlobalSection(ProjectConfigurationPlatforms) = postSolution
		{5495B143-29B5-455F-B7FD-19CFD50097EB}.Debug|Any CPU.ActiveCfg = Debug|Any CPU
		{5495B143-29B5-455F-B7FD-19CFD50097EB}.Debug|Any CPU.Build.0 = Debug|Any CPU
		{5495B143-29B5-455F-B7FD-19CFD50097EB}.Release|Any CPU.ActiveCfg = Release|Any CPU
		{5495B143-29B5-455F-B7FD-19CFD50097EB}.Release|Any CPU.Build.0 = Release|Any CPU
	EndGlobalSection
	GlobalSection(SolutionProperties) = preSolution
		HideSolutionNode = FALSE
	EndGlobalSection
	GlobalSection(ExtensibilityGlobals) = postSolution
		SolutionGuid = {6EF9E47C-AC99-40BA-B732-2E412DA477E2}
	EndGlobalSection
EndGlobal
